
Microsoft Visual Studio Solution File, Format Version 12.00
# Visual Studio Version 17
VisualStudioVersion = 17.0.31903.59
MinimumVisualStudioVersion = 10.0.40219.1
Project("{FAE04EC0-301F-11D3-BF4B-00C04F79EFBC}") = "ExpressionLibrary", "ExpressionLibrary\ExpressionLibrary.csproj", "{527B8CDD-9ECD-4605-A257-58294BF32880}"
EndProject
Project("{FAE04EC0-301F-11D3-BF4B-00C04F79EFBC}") = "TextConsole", "TextConsole\TextConsole.csproj", "{2CBECADD-13E6-42E9-BCB1-527DBADDDD84}"
EndProject
Global
	GlobalSection(SolutionConfigurationPlatforms) = preSolution
		Debug|Any CPU = Debug|Any CPU
		Debug|x64 = Debug|x64
		Debug|x86 = Debug|x86
		Release|Any CPU = Release|Any CPU
		Release|x64 = Release|x64
		Release|x86 = Release|x86
	EndGlobalSection
	GlobalSection(ProjectConfigurationPlatforms) = postSolution
		{527B8CDD-9ECD-4605-A257-58294BF32880}.Debug|Any CPU.ActiveCfg = Debug|Any CPU
		{527B8CDD-9ECD-4605-A257-58294BF32880}.Debug|Any CPU.Build.0 = Debug|Any CPU
		{527B8CDD-9ECD-4605-A257-58294BF32880}.Debug|x64.ActiveCfg = Debug|Any CPU
		{527B8CDD-9ECD-4605-A257-58294BF32880}.Debug|x64.Build.0 = Debug|Any CPU
		{527B8CDD-9ECD-4605-A257-58294BF32880}.Debug|x86.ActiveCfg = Debug|Any CPU
		{527B8CDD-9ECD-4605-A257-58294BF32880}.Debug|x86.Build.0 = Debug|Any CPU
		{527B8CDD-9ECD-4605-A257-58294BF32880}.Release|Any CPU.ActiveCfg = Release|Any CPU
		{527B8CDD-9ECD-4605-A257-58294BF32880}.Release|Any CPU.Build.0 = Release|Any CPU
		{527B8CDD-9ECD-4605-A257-58294BF32880}.Release|x64.ActiveCfg = Release|Any CPU
		{527B8CDD-9ECD-4605-A257-58294BF32880}.Release|x64.Build.0 = Release|Any CPU
		{527B8CDD-9ECD-4605-A257-58294BF32880}.Release|x86.ActiveCfg = Release|Any CPU
		{527B8CDD-9ECD-4605-A257-58294BF32880}.Release|x86.Build.0 = Release|Any CPU
		{2CBECADD-13E6-42E9-BCB1-527DBADDDD84}.Debug|Any CPU.ActiveCfg = Debug|Any CPU
		{2CBECADD-13E6-42E9-BCB1-527DBADDDD84}.Debug|Any CPU.Build.0 = Debug|Any CPU
		{2CBECADD-13E6-42E9-BCB1-527DBADDDD84}.Debug|x64.ActiveCfg = Debug|Any CPU
		{2CBECADD-13E6-42E9-BCB1-527DBADDDD84}.Debug|x64.Build.0 = Debug|Any CPU
		{2CBECADD-13E6-42E9-BCB1-527DBADDDD84}.Debug|x86.ActiveCfg = Debug|Any CPU
		{2CBECADD-13E6-42E9-BCB1-527DBADDDD84}.Debug|x86.Build.0 = Debug|Any CPU
		{2CBECADD-13E6-42E9-BCB1-527DBADDDD84}.Release|Any CPU.ActiveCfg = Release|Any CPU
		{2CBECADD-13E6-42E9-BCB1-527DBADDDD84}.Release|Any CPU.Build.0 = Release|Any CPU
		{2CBECADD-13E6-42E9-BCB1-527DBADDDD84}.Release|x64.ActiveCfg = Release|Any CPU
		{2CBECADD-13E6-42E9-BCB1-527DBADDDD84}.Release|x64.Build.0 = Release|Any CPU
		{2CBECADD-13E6-42E9-BCB1-527DBADDDD84}.Release|x86.ActiveCfg = Release|Any CPU
		{2CBECADD-13E6-42E9-BCB1-527DBADDDD84}.Release|x86.Build.0 = Release|Any CPU
	EndGlobalSection
	GlobalSection(SolutionProperties) = preSolution
		HideSolutionNode = FALSE
	EndGlobalSection
EndGlobal
